
Microsoft Visual Studio Solution File, Format Version 12.00
# Visual Studio Version 17
VisualStudioVersion = 17.0.31903.59
MinimumVisualStudioVersion = 10.0.40219.1
Project("{2150E333-8FDC-42A3-9474-1A3956D46DE8}") = "src", "src", "{842DD598-4E5D-4BC8-BA69-E544F7240B0E}"
EndProject
Project("{FAE04EC0-301F-11D3-BF4B-00C04F79EFBC}") = "Reservation.Api", "src\Reservation.Api\Reservation.Api.csproj", "{6065A639-223C-4CE1-BFFB-F3945CDD9D1A}"
EndProject
Project("{FAE04EC0-301F-11D3-BF4B-00C04F79EFBC}") = "Reservation.Application", "src\Reservation.Application\Reservation.Application.csproj", "{B74F7940-2500-4490-8ACE-0A86B91A4483}"
EndProject
Project("{FAE04EC0-301F-11D3-BF4B-00C04F79EFBC}") = "Reservation.Cli", "src\Reservation.Cli\Reservation.Cli.csproj", "{0614748E-0B37-4D23-982D-3DE18585CDC8}"
EndProject
Project("{FAE04EC0-301F-11D3-BF4B-00C04F79EFBC}") = "Reservation.DataTransferObjects", "src\Reservation.DataTransferObjects\Reservation.DataTransferObjects.csproj", "{0F390D09-7793-469A-BB72-24C14FDDED14}"
EndProject
Project("{FAE04EC0-301F-11D3-BF4B-00C04F79EFBC}") = "Reservation.Domain", "src\Reservation.Domain\Reservation.Domain.csproj", "{764EA9D5-7C09-4F31-9A92-5A918005FA8A}"
EndProject
Project("{FAE04EC0-301F-11D3-BF4B-00C04F79EFBC}") = "Reservation.Handlers", "src\Reservation.Handlers\Reservation.Handlers.csproj", "{4689D313-FBDC-4D66-B181-3216C57CD97E}"
EndProject
Project("{FAE04EC0-301F-11D3-BF4B-00C04F79EFBC}") = "Reservation.Repositories", "src\Reservation.Repositories\Reservation.Repositories.csproj", "{122E0695-C7F6-47DF-A64D-7E274B8DDA79}"
EndProject
Project("{FAE04EC0-301F-11D3-BF4B-00C04F79EFBC}") = "Booking", "src\Booking\Booking.csproj", "{2CD0FDDF-715E-4CE7-9CC7-6C02DB80A976}"
EndProject
Project("{FAE04EC0-301F-11D3-BF4B-00C04F79EFBC}") = "Company", "src\Company\Company.csproj", "{8EE29088-EAD4-47ED-97B1-8D44A7AB4CAA}"
EndProject
Project("{2150E333-8FDC-42A3-9474-1A3956D46DE8}") = "tests", "tests", "{C3905F5D-0389-44AA-BE59-A979142C5288}"
EndProject
Project("{FAE04EC0-301F-11D3-BF4B-00C04F79EFBC}") = "Reservation.Tests", "tests\Reservation.Tests\Reservation.Tests.csproj", "{7355AFDC-F52E-403E-A139-BC7560C6A14A}"
EndProject
Project("{2150E333-8FDC-42A3-9474-1A3956D46DE8}") = "Reservation", "Reservation", "{AAC67255-ED98-4F52-B63D-98895F1DEDA9}"
EndProject
Project("{FAE04EC0-301F-11D3-BF4B-00C04F79EFBC}") = "Booking", "src\Reservation\Booking\Booking.csproj", "{93D0DC1E-0179-4B55-8CAD-275FA7F55066}"
EndProject
Project("{2150E333-8FDC-42A3-9474-1A3956D46DE8}") = "Core", "Core", "{27659F40-3C2F-4054-A7DB-113983F53F7D}"
EndProject
Project("{FAE04EC0-301F-11D3-BF4B-00C04F79EFBC}") = "Domain", "src\Reservation\Core\Domain\Domain.csproj", "{4F439627-18CB-4EDB-B6D4-FE8F9D04F648}"
EndProject
Project("{FAE04EC0-301F-11D3-BF4B-00C04F79EFBC}") = "UseCase", "src\Reservation\UseCase\UseCase.csproj", "{0CA8AB1F-2FF1-4458-8FAE-6111B8E15FAB}"
EndProject
Global
	GlobalSection(SolutionConfigurationPlatforms) = preSolution
		Debug|Any CPU = Debug|Any CPU
		Release|Any CPU = Release|Any CPU
	EndGlobalSection
	GlobalSection(SolutionProperties) = preSolution
		HideSolutionNode = FALSE
	EndGlobalSection
	GlobalSection(ProjectConfigurationPlatforms) = postSolution
		{6065A639-223C-4CE1-BFFB-F3945CDD9D1A}.Debug|Any CPU.ActiveCfg = Debug|Any CPU
		{6065A639-223C-4CE1-BFFB-F3945CDD9D1A}.Debug|Any CPU.Build.0 = Debug|Any CPU
		{6065A639-223C-4CE1-BFFB-F3945CDD9D1A}.Release|Any CPU.ActiveCfg = Release|Any CPU
		{6065A639-223C-4CE1-BFFB-F3945CDD9D1A}.Release|Any CPU.Build.0 = Release|Any CPU
		{B74F7940-2500-4490-8ACE-0A86B91A4483}.Debug|Any CPU.ActiveCfg = Debug|Any CPU
		{B74F7940-2500-4490-8ACE-0A86B91A4483}.Debug|Any CPU.Build.0 = Debug|Any CPU
		{B74F7940-2500-4490-8ACE-0A86B91A4483}.Release|Any CPU.ActiveCfg = Release|Any CPU
		{B74F7940-2500-4490-8ACE-0A86B91A4483}.Release|Any CPU.Build.0 = Release|Any CPU
		{0614748E-0B37-4D23-982D-3DE18585CDC8}.Debug|Any CPU.ActiveCfg = Debug|Any CPU
		{0614748E-0B37-4D23-982D-3DE18585CDC8}.Debug|Any CPU.Build.0 = Debug|Any CPU
		{0614748E-0B37-4D23-982D-3DE18585CDC8}.Release|Any CPU.ActiveCfg = Release|Any CPU
		{0614748E-0B37-4D23-982D-3DE18585CDC8}.Release|Any CPU.Build.0 = Release|Any CPU
		{0F390D09-7793-469A-BB72-24C14FDDED14}.Debug|Any CPU.ActiveCfg = Debug|Any CPU
		{0F390D09-7793-469A-BB72-24C14FDDED14}.Debug|Any CPU.Build.0 = Debug|Any CPU
		{0F390D09-7793-469A-BB72-24C14FDDED14}.Release|Any CPU.ActiveCfg = Release|Any CPU
		{0F390D09-7793-469A-BB72-24C14FDDED14}.Release|Any CPU.Build.0 = Release|Any CPU
		{764EA9D5-7C09-4F31-9A92-5A918005FA8A}.Debug|Any CPU.ActiveCfg = Debug|Any CPU
		{764EA9D5-7C09-4F31-9A92-5A918005FA8A}.Debug|Any CPU.Build.0 = Debug|Any CPU
		{764EA9D5-7C09-4F31-9A92-5A918005FA8A}.Release|Any CPU.ActiveCfg = Release|Any CPU
		{764EA9D5-7C09-4F31-9A92-5A918005FA8A}.Release|Any CPU.Build.0 = Release|Any CPU
		{4689D313-FBDC-4D66-B181-3216C57CD97E}.Debug|Any CPU.ActiveCfg = Debug|Any CPU
		{4689D313-FBDC-4D66-B181-3216C57CD97E}.Debug|Any CPU.Build.0 = Debug|Any CPU
		{4689D313-FBDC-4D66-B181-3216C57CD97E}.Release|Any CPU.ActiveCfg = Release|Any CPU
		{4689D313-FBDC-4D66-B181-3216C57CD97E}.Release|Any CPU.Build.0 = Release|Any CPU
		{122E0695-C7F6-47DF-A64D-7E274B8DDA79}.Debug|Any CPU.ActiveCfg = Debug|Any CPU
		{122E0695-C7F6-47DF-A64D-7E274B8DDA79}.Debug|Any CPU.Build.0 = Debug|Any CPU
		{122E0695-C7F6-47DF-A64D-7E274B8DDA79}.Release|Any CPU.ActiveCfg = Release|Any CPU
		{122E0695-C7F6-47DF-A64D-7E274B8DDA79}.Release|Any CPU.Build.0 = Release|Any CPU
		{2CD0FDDF-715E-4CE7-9CC7-6C02DB80A976}.Debug|Any CPU.ActiveCfg = Debug|Any CPU
		{2CD0FDDF-715E-4CE7-9CC7-6C02DB80A976}.Debug|Any CPU.Build.0 = Debug|Any CPU
		{2CD0FDDF-715E-4CE7-9CC7-6C02DB80A976}.Release|Any CPU.ActiveCfg = Release|Any CPU
		{2CD0FDDF-715E-4CE7-9CC7-6C02DB80A976}.Release|Any CPU.Build.0 = Release|Any CPU
		{8EE29088-EAD4-47ED-97B1-8D44A7AB4CAA}.Debug|Any CPU.ActiveCfg = Debug|Any CPU
		{8EE29088-EAD4-47ED-97B1-8D44A7AB4CAA}.Debug|Any CPU.Build.0 = Debug|Any CPU
		{8EE29088-EAD4-47ED-97B1-8D44A7AB4CAA}.Release|Any CPU.ActiveCfg = Release|Any CPU
		{8EE29088-EAD4-47ED-97B1-8D44A7AB4CAA}.Release|Any CPU.Build.0 = Release|Any CPU
		{7355AFDC-F52E-403E-A139-BC7560C6A14A}.Debug|Any CPU.ActiveCfg = Debug|Any CPU
		{7355AFDC-F52E-403E-A139-BC7560C6A14A}.Debug|Any CPU.Build.0 = Debug|Any CPU
		{7355AFDC-F52E-403E-A139-BC7560C6A14A}.Release|Any CPU.ActiveCfg = Release|Any CPU
		{7355AFDC-F52E-403E-A139-BC7560C6A14A}.Release|Any CPU.Build.0 = Release|Any CPU
		{93D0DC1E-0179-4B55-8CAD-275FA7F55066}.Debug|Any CPU.ActiveCfg = Debug|Any CPU
		{93D0DC1E-0179-4B55-8CAD-275FA7F55066}.Debug|Any CPU.Build.0 = Debug|Any CPU
		{93D0DC1E-0179-4B55-8CAD-275FA7F55066}.Release|Any CPU.ActiveCfg = Release|Any CPU
		{93D0DC1E-0179-4B55-8CAD-275FA7F55066}.Release|Any CPU.Build.0 = Release|Any CPU
		{4F439627-18CB-4EDB-B6D4-FE8F9D04F648}.Debug|Any CPU.ActiveCfg = Debug|Any CPU
		{4F439627-18CB-4EDB-B6D4-FE8F9D04F648}.Debug|Any CPU.Build.0 = Debug|Any CPU
		{4F439627-18CB-4EDB-B6D4-FE8F9D04F648}.Release|Any CPU.ActiveCfg = Release|Any CPU
		{4F439627-18CB-4EDB-B6D4-FE8F9D04F648}.Release|Any CPU.Build.0 = Release|Any CPU
		{0CA8AB1F-2FF1-4458-8FAE-6111B8E15FAB}.Debug|Any CPU.ActiveCfg = Debug|Any CPU
		{0CA8AB1F-2FF1-4458-8FAE-6111B8E15FAB}.Debug|Any CPU.Build.0 = Debug|Any CPU
		{0CA8AB1F-2FF1-4458-8FAE-6111B8E15FAB}.Release|Any CPU.ActiveCfg = Release|Any CPU
		{0CA8AB1F-2FF1-4458-8FAE-6111B8E15FAB}.Release|Any CPU.Build.0 = Release|Any CPU
	EndGlobalSection
	GlobalSection(NestedProjects) = preSolution
		{6065A639-223C-4CE1-BFFB-F3945CDD9D1A} = {842DD598-4E5D-4BC8-BA69-E544F7240B0E}
		{B74F7940-2500-4490-8ACE-0A86B91A4483} = {842DD598-4E5D-4BC8-BA69-E544F7240B0E}
		{0614748E-0B37-4D23-982D-3DE18585CDC8} = {842DD598-4E5D-4BC8-BA69-E544F7240B0E}
		{0F390D09-7793-469A-BB72-24C14FDDED14} = {842DD598-4E5D-4BC8-BA69-E544F7240B0E}
		{764EA9D5-7C09-4F31-9A92-5A918005FA8A} = {842DD598-4E5D-4BC8-BA69-E544F7240B0E}
		{4689D313-FBDC-4D66-B181-3216C57CD97E} = {842DD598-4E5D-4BC8-BA69-E544F7240B0E}
		{122E0695-C7F6-47DF-A64D-7E274B8DDA79} = {842DD598-4E5D-4BC8-BA69-E544F7240B0E}
		{2CD0FDDF-715E-4CE7-9CC7-6C02DB80A976} = {842DD598-4E5D-4BC8-BA69-E544F7240B0E}
		{8EE29088-EAD4-47ED-97B1-8D44A7AB4CAA} = {842DD598-4E5D-4BC8-BA69-E544F7240B0E}
		{7355AFDC-F52E-403E-A139-BC7560C6A14A} = {C3905F5D-0389-44AA-BE59-A979142C5288}
		{AAC67255-ED98-4F52-B63D-98895F1DEDA9} = {842DD598-4E5D-4BC8-BA69-E544F7240B0E}
		{93D0DC1E-0179-4B55-8CAD-275FA7F55066} = {AAC67255-ED98-4F52-B63D-98895F1DEDA9}
		{27659F40-3C2F-4054-A7DB-113983F53F7D} = {AAC67255-ED98-4F52-B63D-98895F1DEDA9}
		{4F439627-18CB-4EDB-B6D4-FE8F9D04F648} = {27659F40-3C2F-4054-A7DB-113983F53F7D}
		{0CA8AB1F-2FF1-4458-8FAE-6111B8E15FAB} = {AAC67255-ED98-4F52-B63D-98895F1DEDA9}
	EndGlobalSection
EndGlobal
