
Microsoft Visual Studio Solution File, Format Version 12.00
# Visual Studio Version 17
VisualStudioVersion = 17.0.31903.59
MinimumVisualStudioVersion = 10.0.40219.1
Project("{2150E333-8FDC-42A3-9474-1A3956D46DE8}") = "src", "src", "{842DD598-4E5D-4BC8-BA69-E544F7240B0E}"
EndProject
Project("{2150E333-8FDC-42A3-9474-1A3956D46DE8}") = "Reservation", "Reservation", "{AAC67255-ED98-4F52-B63D-98895F1DEDA9}"
EndProject
Project("{9A19103F-16F7-4668-BE54-9A1E7A4F7556}") = "Booking", "src\Reservation\Booking\Booking.csproj", "{93D0DC1E-0179-4B55-8CAD-275FA7F55066}"
EndProject
Project("{2150E333-8FDC-42A3-9474-1A3956D46DE8}") = "Core", "Core", "{27659F40-3C2F-4054-A7DB-113983F53F7D}"
EndProject
Project("{9A19103F-16F7-4668-BE54-9A1E7A4F7556}") = "Domain", "src\Reservation\Core\Domain\Domain.csproj", "{4F439627-18CB-4EDB-B6D4-FE8F9D04F648}"
EndProject
Global
	GlobalSection(SolutionConfigurationPlatforms) = preSolution
		Debug|Any CPU = Debug|Any CPU
		Release|Any CPU = Release|Any CPU
	EndGlobalSection
	GlobalSection(ProjectConfigurationPlatforms) = postSolution
		{93D0DC1E-0179-4B55-8CAD-275FA7F55066}.Debug|Any CPU.ActiveCfg = Debug|Any CPU
		{93D0DC1E-0179-4B55-8CAD-275FA7F55066}.Debug|Any CPU.Build.0 = Debug|Any CPU
		{93D0DC1E-0179-4B55-8CAD-275FA7F55066}.Release|Any CPU.ActiveCfg = Release|Any CPU
		{93D0DC1E-0179-4B55-8CAD-275FA7F55066}.Release|Any CPU.Build.0 = Release|Any CPU
		{4F439627-18CB-4EDB-B6D4-FE8F9D04F648}.Debug|Any CPU.ActiveCfg = Debug|Any CPU
		{4F439627-18CB-4EDB-B6D4-FE8F9D04F648}.Debug|Any CPU.Build.0 = Debug|Any CPU
		{4F439627-18CB-4EDB-B6D4-FE8F9D04F648}.Release|Any CPU.ActiveCfg = Release|Any CPU
		{4F439627-18CB-4EDB-B6D4-FE8F9D04F648}.Release|Any CPU.Build.0 = Release|Any CPU
	EndGlobalSection
	GlobalSection(SolutionProperties) = preSolution
		HideSolutionNode = FALSE
	EndGlobalSection
	GlobalSection(NestedProjects) = preSolution
		{AAC67255-ED98-4F52-B63D-98895F1DEDA9} = {842DD598-4E5D-4BC8-BA69-E544F7240B0E}
		{93D0DC1E-0179-4B55-8CAD-275FA7F55066} = {AAC67255-ED98-4F52-B63D-98895F1DEDA9}
		{27659F40-3C2F-4054-A7DB-113983F53F7D} = {AAC67255-ED98-4F52-B63D-98895F1DEDA9}
		{4F439627-18CB-4EDB-B6D4-FE8F9D04F648} = {27659F40-3C2F-4054-A7DB-113983F53F7D}
	EndGlobalSection
	GlobalSection(ExtensibilityGlobals) = postSolution
		SolutionGuid = {30B6A3D0-962B-496A-98F9-614FBB41466F}
	EndGlobalSection
EndGlobal
